
Microsoft Visual Studio Solution File, Format Version 12.00
# Visual Studio Version 16
VisualStudioVersion = 16.0.32106.194
MinimumVisualStudioVersion = 10.0.40219.1
Project("{FAE04EC0-301F-11D3-BF4B-00C04F79EFBC}") = "Lesson1-CreateAndDropDatabase", "Lesson1-CreateAndDropDatabase\Lesson1-CreateAndDropDatabase.csproj", "{CBCE76D0-32B1-4A6F-B28E-DF22E6440859}"
EndProject
Global
	GlobalSection(SolutionConfigurationPlatforms) = preSolution
		Debug|Any CPU = Debug|Any CPU
		Release|Any CPU = Release|Any CPU
	EndGlobalSection
	GlobalSection(ProjectConfigurationPlatforms) = postSolution
		{CBCE76D0-32B1-4A6F-B28E-DF22E6440859}.Debug|Any CPU.ActiveCfg = Debug|Any CPU
		{CBCE76D0-32B1-4A6F-B28E-DF22E6440859}.Debug|Any CPU.Build.0 = Debug|Any CPU
		{CBCE76D0-32B1-4A6F-B28E-DF22E6440859}.Release|Any CPU.ActiveCfg = Release|Any CPU
		{CBCE76D0-32B1-4A6F-B28E-DF22E6440859}.Release|Any CPU.Build.0 = Release|Any CPU
	EndGlobalSection
	GlobalSection(SolutionProperties) = preSolution
		HideSolutionNode = FALSE
	EndGlobalSection
	GlobalSection(ExtensibilityGlobals) = postSolution
		SolutionGuid = {0E91FAB7-8278-4508-8D4C-0D81DD1D0C42}
	EndGlobalSection
EndGlobal
